
Microsoft Visual Studio Solution File, Format Version 12.00
# Visual Studio 2012
Project("{FAE04EC0-301F-11D3-BF4B-00C04F79EFBC}") = "JQQ.EngineerManageSystem", "JQQ.EngineerManageSystem\JQQ.EngineerManageSystem.csproj", "{D984A37B-4155-4A68-82A5-D7A4E32D934B}"
EndProject
Global
	GlobalSection(SolutionConfigurationPlatforms) = preSolution
		Debug|Any CPU = Debug|Any CPU
		Release|Any CPU = Release|Any CPU
	EndGlobalSection
	GlobalSection(ProjectConfigurationPlatforms) = postSolution
		{D984A37B-4155-4A68-82A5-D7A4E32D934B}.Debug|Any CPU.ActiveCfg = Debug|Any CPU
		{D984A37B-4155-4A68-82A5-D7A4E32D934B}.Debug|Any CPU.Build.0 = Debug|Any CPU
		{D984A37B-4155-4A68-82A5-D7A4E32D934B}.Release|Any CPU.ActiveCfg = Release|Any CPU
		{D984A37B-4155-4A68-82A5-D7A4E32D934B}.Release|Any CPU.Build.0 = Release|Any CPU
	EndGlobalSection
	GlobalSection(SolutionProperties) = preSolution
		HideSolutionNode = FALSE
	EndGlobalSection
EndGlobal
